// !$*UTF8*$!
{
	archiveVersion = 1;
	classes = {
	};
	objectVersion = 50;
	objects = {

/* Begin PBXBuildFile section */
		6F023C6826FF113B00CAC764 /* RootViewController.swift in Sources */ = {isa = PBXBuildFile; fileRef = 6F023C6726FF113B00CAC764 /* RootViewController.swift */; };
		6F4451C72708254100C0D032 /* Liner6ViewController.swift in Sources */ = {isa = PBXBuildFile; fileRef = 6F4451C62708254100C0D032 /* Liner6ViewController.swift */; };
		6F4451C9270828B300C0D032 /* ViewAttribute.swift in Sources */ = {isa = PBXBuildFile; fileRef = 6F4451C8270828B300C0D032 /* ViewAttribute.swift */; };
		6F503D9926FA225800088C8D /* ScopeLayout.swift in Sources */ = {isa = PBXBuildFile; fileRef = 6F503D9426FA225700088C8D /* ScopeLayout.swift */; };
		6F503D9A26FA225800088C8D /* Utils.swift in Sources */ = {isa = PBXBuildFile; fileRef = 6F503D9526FA225800088C8D /* Utils.swift */; };
		6F503D9B26FA225800088C8D /* NameSpace.swift in Sources */ = {isa = PBXBuildFile; fileRef = 6F503D9626FA225800088C8D /* NameSpace.swift */; };
		6F503D9C26FA225800088C8D /* BaseLayout.swift in Sources */ = {isa = PBXBuildFile; fileRef = 6F503D9726FA225800088C8D /* BaseLayout.swift */; };
		6F503D9D26FA225800088C8D /* LinerLayout.swift in Sources */ = {isa = PBXBuildFile; fileRef = 6F503D9826FA225800088C8D /* LinerLayout.swift */; };
		6F503DA226FA228500088C8D /* Liner0ViewController.swift in Sources */ = {isa = PBXBuildFile; fileRef = 6F503DA026FA228500088C8D /* Liner0ViewController.swift */; };
		6F5E5850270726D6009A8E6E /* Liner1ViewController.swift in Sources */ = {isa = PBXBuildFile; fileRef = 6F5E584F270726D6009A8E6E /* Liner1ViewController.swift */; };
		6F5E58522708049A009A8E6E /* Liner2ViewController.swift in Sources */ = {isa = PBXBuildFile; fileRef = 6F5E58512708049A009A8E6E /* Liner2ViewController.swift */; };
		6F5E5854270805D2009A8E6E /* Liner3ViewController.swift in Sources */ = {isa = PBXBuildFile; fileRef = 6F5E5853270805D2009A8E6E /* Liner3ViewController.swift */; };
		6F5E5856270805FA009A8E6E /* Liner4ViewController.swift in Sources */ = {isa = PBXBuildFile; fileRef = 6F5E5855270805FA009A8E6E /* Liner4ViewController.swift */; };
		6F5E585827080637009A8E6E /* Liner5ViewController.swift in Sources */ = {isa = PBXBuildFile; fileRef = 6F5E585727080637009A8E6E /* Liner5ViewController.swift */; };
		6FCDD64C26F47932008C2C52 /* AppDelegate.swift in Sources */ = {isa = PBXBuildFile; fileRef = 6FCDD64B26F47932008C2C52 /* AppDelegate.swift */; };
		6FCDD64E26F47933008C2C52 /* SceneDelegate.swift in Sources */ = {isa = PBXBuildFile; fileRef = 6FCDD64D26F47933008C2C52 /* SceneDelegate.swift */; };
		6FCDD65326F47933008C2C52 /* Main.storyboard in Resources */ = {isa = PBXBuildFile; fileRef = 6FCDD65126F47933008C2C52 /* Main.storyboard */; };
		6FCDD65526F47935008C2C52 /* Assets.xcassets in Resources */ = {isa = PBXBuildFile; fileRef = 6FCDD65426F47935008C2C52 /* Assets.xcassets */; };
		6FCDD65826F47935008C2C52 /* LaunchScreen.storyboard in Resources */ = {isa = PBXBuildFile; fileRef = 6FCDD65626F47935008C2C52 /* LaunchScreen.storyboard */; };
		6FF75B4D2708962400A7958D /* Related0ViewController.swift in Sources */ = {isa = PBXBuildFile; fileRef = 6FF75B4C2708962400A7958D /* Related0ViewController.swift */; };
		6FF75B4F27089B9200A7958D /* RelatedLayout.swift in Sources */ = {isa = PBXBuildFile; fileRef = 6FF75B4E27089B9200A7958D /* RelatedLayout.swift */; };
		6FF75BD92709953B00A7958D /* LayoutManager.swift in Sources */ = {isa = PBXBuildFile; fileRef = 6FF75BD12709953B00A7958D /* LayoutManager.swift */; };
		6FF75BDA2709953B00A7958D /* CompositAnchor.swift in Sources */ = {isa = PBXBuildFile; fileRef = 6FF75BD22709953B00A7958D /* CompositAnchor.swift */; };
		6FF75BDB2709953B00A7958D /* Layoutable.swift in Sources */ = {isa = PBXBuildFile; fileRef = 6FF75BD32709953B00A7958D /* Layoutable.swift */; };
		6FF75BDC2709953B00A7958D /* LayoutEngine.swift in Sources */ = {isa = PBXBuildFile; fileRef = 6FF75BD42709953B00A7958D /* LayoutEngine.swift */; };
		6FF75BDD2709953B00A7958D /* LayoutProperty.swift in Sources */ = {isa = PBXBuildFile; fileRef = 6FF75BD52709953B00A7958D /* LayoutProperty.swift */; };
		6FF75BDE2709953B00A7958D /* LayoutAnchor.swift in Sources */ = {isa = PBXBuildFile; fileRef = 6FF75BD62709953B00A7958D /* LayoutAnchor.swift */; };
		6FF75BDF2709953B00A7958D /* LayoutValues.swift in Sources */ = {isa = PBXBuildFile; fileRef = 6FF75BD72709953B00A7958D /* LayoutValues.swift */; };
		6FF75BE02709953B00A7958D /* LayoutConstraint.swift in Sources */ = {isa = PBXBuildFile; fileRef = 6FF75BD82709953B00A7958D /* LayoutConstraint.swift */; };
		6FF75BE72709958100A7958D /* SimplexSolver.swift in Sources */ = {isa = PBXBuildFile; fileRef = 6FF75BE22709958100A7958D /* SimplexSolver.swift */; };
		6FF75BE82709958100A7958D /* Expression.swift in Sources */ = {isa = PBXBuildFile; fileRef = 6FF75BE32709958100A7958D /* Expression.swift */; };
		6FF75BE92709958100A7958D /* Tools.swift in Sources */ = {isa = PBXBuildFile; fileRef = 6FF75BE42709958100A7958D /* Tools.swift */; };
		6FF75BEA2709958100A7958D /* Variable.swift in Sources */ = {isa = PBXBuildFile; fileRef = 6FF75BE52709958100A7958D /* Variable.swift */; };
		6FF75BEB2709958100A7958D /* Constraint.swift in Sources */ = {isa = PBXBuildFile; fileRef = 6FF75BE62709958100A7958D /* Constraint.swift */; };
		6FF75C072709A6E400A7958D /* StackLayout.swift in Sources */ = {isa = PBXBuildFile; fileRef = 6FF75BEE2709A6E400A7958D /* StackLayout.swift */; };
		6FF75C082709A6E400A7958D /* FlowLayout.swift in Sources */ = {isa = PBXBuildFile; fileRef = 6FF75BEF2709A6E400A7958D /* FlowLayout.swift */; };
		6FF75C092709A6E400A7958D /* ImageRender.swift in Sources */ = {isa = PBXBuildFile; fileRef = 6FF75BF22709A6E400A7958D /* ImageRender.swift */; };
		6FF75C0A2709A6E400A7958D /* ImageProcessor.swift in Sources */ = {isa = PBXBuildFile; fileRef = 6FF75BF32709A6E400A7958D /* ImageProcessor.swift */; };
		6FF75C0B2709A6E400A7958D /* TextRenderable.swift in Sources */ = {isa = PBXBuildFile; fileRef = 6FF75BF52709A6E400A7958D /* TextRenderable.swift */; };
		6FF75C0C2709A6E400A7958D /* TextAttributes.swift in Sources */ = {isa = PBXBuildFile; fileRef = 6FF75BF62709A6E400A7958D /* TextAttributes.swift */; };
		6FF75C0D2709A6E400A7958D /* TextContext.swift in Sources */ = {isa = PBXBuildFile; fileRef = 6FF75BF72709A6E400A7958D /* TextContext.swift */; };
		6FF75C0E2709A6E400A7958D /* TextRender.swift in Sources */ = {isa = PBXBuildFile; fileRef = 6FF75BF82709A6E400A7958D /* TextRender.swift */; };
		6FF75C0F2709A6E400A7958D /* ControlNode.swift in Sources */ = {isa = PBXBuildFile; fileRef = 6FF75BFA2709A6E400A7958D /* ControlNode.swift */; };
		6FF75C102709A6E400A7958D /* ButtonNode.swift in Sources */ = {isa = PBXBuildFile; fileRef = 6FF75BFB2709A6E400A7958D /* ButtonNode.swift */; };
		6FF75C112709A6E400A7958D /* LayoutNode.swift in Sources */ = {isa = PBXBuildFile; fileRef = 6FF75BFC2709A6E400A7958D /* LayoutNode.swift */; };
		6FF75C122709A6E400A7958D /* ImageNode.swift in Sources */ = {isa = PBXBuildFile; fileRef = 6FF75BFD2709A6E400A7958D /* ImageNode.swift */; };
		6FF75C132709A6E500A7958D /* AsyncDisplayLayer.swift in Sources */ = {isa = PBXBuildFile; fileRef = 6FF75BFE2709A6E400A7958D /* AsyncDisplayLayer.swift */; };
		6FF75C142709A6E500A7958D /* TextNode.swift in Sources */ = {isa = PBXBuildFile; fileRef = 6FF75BFF2709A6E400A7958D /* TextNode.swift */; };
		6FF75C152709A6E500A7958D /* ProxyView.swift in Sources */ = {isa = PBXBuildFile; fileRef = 6FF75C002709A6E400A7958D /* ProxyView.swift */; };
		6FF75C162709A6E500A7958D /* ViewNode.swift in Sources */ = {isa = PBXBuildFile; fileRef = 6FF75C012709A6E400A7958D /* ViewNode.swift */; };
		6FF75C172709A6E500A7958D /* Transaction.swift in Sources */ = {isa = PBXBuildFile; fileRef = 6FF75C022709A6E400A7958D /* Transaction.swift */; };
		6FF75C182709A6E500A7958D /* Extension.swift in Sources */ = {isa = PBXBuildFile; fileRef = 6FF75C042709A6E400A7958D /* Extension.swift */; };
/* End PBXBuildFile section */

/* Begin PBXFileReference section */
		6F023C6726FF113B00CAC764 /* RootViewController.swift */ = {isa = PBXFileReference; lastKnownFileType = sourcecode.swift; path = RootViewController.swift; sourceTree = "<group>"; };
		6F4451C62708254100C0D032 /* Liner6ViewController.swift */ = {isa = PBXFileReference; lastKnownFileType = sourcecode.swift; path = Liner6ViewController.swift; sourceTree = "<group>"; };
		6F4451C8270828B300C0D032 /* ViewAttribute.swift */ = {isa = PBXFileReference; lastKnownFileType = sourcecode.swift; path = ViewAttribute.swift; sourceTree = "<group>"; };
		6F503D9426FA225700088C8D /* ScopeLayout.swift */ = {isa = PBXFileReference; fileEncoding = 4; lastKnownFileType = sourcecode.swift; path = ScopeLayout.swift; sourceTree = "<group>"; };
		6F503D9526FA225800088C8D /* Utils.swift */ = {isa = PBXFileReference; fileEncoding = 4; lastKnownFileType = sourcecode.swift; path = Utils.swift; sourceTree = "<group>"; };
		6F503D9626FA225800088C8D /* NameSpace.swift */ = {isa = PBXFileReference; fileEncoding = 4; lastKnownFileType = sourcecode.swift; path = NameSpace.swift; sourceTree = "<group>"; };
		6F503D9726FA225800088C8D /* BaseLayout.swift */ = {isa = PBXFileReference; fileEncoding = 4; lastKnownFileType = sourcecode.swift; path = BaseLayout.swift; sourceTree = "<group>"; };
		6F503D9826FA225800088C8D /* LinerLayout.swift */ = {isa = PBXFileReference; fileEncoding = 4; lastKnownFileType = sourcecode.swift; path = LinerLayout.swift; sourceTree = "<group>"; };
		6F503DA026FA228500088C8D /* Liner0ViewController.swift */ = {isa = PBXFileReference; fileEncoding = 4; lastKnownFileType = sourcecode.swift; path = Liner0ViewController.swift; sourceTree = "<group>"; };
		6F5E584F270726D6009A8E6E /* Liner1ViewController.swift */ = {isa = PBXFileReference; lastKnownFileType = sourcecode.swift; path = Liner1ViewController.swift; sourceTree = "<group>"; };
		6F5E58512708049A009A8E6E /* Liner2ViewController.swift */ = {isa = PBXFileReference; lastKnownFileType = sourcecode.swift; path = Liner2ViewController.swift; sourceTree = "<group>"; };
		6F5E5853270805D2009A8E6E /* Liner3ViewController.swift */ = {isa = PBXFileReference; lastKnownFileType = sourcecode.swift; path = Liner3ViewController.swift; sourceTree = "<group>"; };
		6F5E5855270805FA009A8E6E /* Liner4ViewController.swift */ = {isa = PBXFileReference; lastKnownFileType = sourcecode.swift; path = Liner4ViewController.swift; sourceTree = "<group>"; };
		6F5E585727080637009A8E6E /* Liner5ViewController.swift */ = {isa = PBXFileReference; lastKnownFileType = sourcecode.swift; path = Liner5ViewController.swift; sourceTree = "<group>"; };
		6FCDD64826F47932008C2C52 /* Brick.app */ = {isa = PBXFileReference; explicitFileType = wrapper.application; includeInIndex = 0; path = Brick.app; sourceTree = BUILT_PRODUCTS_DIR; };
		6FCDD64B26F47932008C2C52 /* AppDelegate.swift */ = {isa = PBXFileReference; lastKnownFileType = sourcecode.swift; path = AppDelegate.swift; sourceTree = "<group>"; };
		6FCDD64D26F47933008C2C52 /* SceneDelegate.swift */ = {isa = PBXFileReference; lastKnownFileType = sourcecode.swift; path = SceneDelegate.swift; sourceTree = "<group>"; };
		6FCDD65226F47933008C2C52 /* Base */ = {isa = PBXFileReference; lastKnownFileType = file.storyboard; name = Base; path = Base.lproj/Main.storyboard; sourceTree = "<group>"; };
		6FCDD65426F47935008C2C52 /* Assets.xcassets */ = {isa = PBXFileReference; lastKnownFileType = folder.assetcatalog; path = Assets.xcassets; sourceTree = "<group>"; };
		6FCDD65726F47935008C2C52 /* Base */ = {isa = PBXFileReference; lastKnownFileType = file.storyboard; name = Base; path = Base.lproj/LaunchScreen.storyboard; sourceTree = "<group>"; };
		6FCDD65926F47935008C2C52 /* Info.plist */ = {isa = PBXFileReference; lastKnownFileType = text.plist.xml; path = Info.plist; sourceTree = "<group>"; };
		6FF75B4C2708962400A7958D /* Related0ViewController.swift */ = {isa = PBXFileReference; lastKnownFileType = sourcecode.swift; path = Related0ViewController.swift; sourceTree = "<group>"; };
		6FF75B4E27089B9200A7958D /* RelatedLayout.swift */ = {isa = PBXFileReference; lastKnownFileType = sourcecode.swift; path = RelatedLayout.swift; sourceTree = "<group>"; };
		6FF75BD12709953B00A7958D /* LayoutManager.swift */ = {isa = PBXFileReference; fileEncoding = 4; lastKnownFileType = sourcecode.swift; path = LayoutManager.swift; sourceTree = "<group>"; };
		6FF75BD22709953B00A7958D /* CompositAnchor.swift */ = {isa = PBXFileReference; fileEncoding = 4; lastKnownFileType = sourcecode.swift; path = CompositAnchor.swift; sourceTree = "<group>"; };
		6FF75BD32709953B00A7958D /* Layoutable.swift */ = {isa = PBXFileReference; fileEncoding = 4; lastKnownFileType = sourcecode.swift; path = Layoutable.swift; sourceTree = "<group>"; };
		6FF75BD42709953B00A7958D /* LayoutEngine.swift */ = {isa = PBXFileReference; fileEncoding = 4; lastKnownFileType = sourcecode.swift; path = LayoutEngine.swift; sourceTree = "<group>"; };
		6FF75BD52709953B00A7958D /* LayoutProperty.swift */ = {isa = PBXFileReference; fileEncoding = 4; lastKnownFileType = sourcecode.swift; path = LayoutProperty.swift; sourceTree = "<group>"; };
		6FF75BD62709953B00A7958D /* LayoutAnchor.swift */ = {isa = PBXFileReference; fileEncoding = 4; lastKnownFileType = sourcecode.swift; path = LayoutAnchor.swift; sourceTree = "<group>"; };
		6FF75BD72709953B00A7958D /* LayoutValues.swift */ = {isa = PBXFileReference; fileEncoding = 4; lastKnownFileType = sourcecode.swift; path = LayoutValues.swift; sourceTree = "<group>"; };
		6FF75BD82709953B00A7958D /* LayoutConstraint.swift */ = {isa = PBXFileReference; fileEncoding = 4; lastKnownFileType = sourcecode.swift; path = LayoutConstraint.swift; sourceTree = "<group>"; };
		6FF75BE22709958100A7958D /* SimplexSolver.swift */ = {isa = PBXFileReference; fileEncoding = 4; lastKnownFileType = sourcecode.swift; path = SimplexSolver.swift; sourceTree = "<group>"; };
		6FF75BE32709958100A7958D /* Expression.swift */ = {isa = PBXFileReference; fileEncoding = 4; lastKnownFileType = sourcecode.swift; path = Expression.swift; sourceTree = "<group>"; };
		6FF75BE42709958100A7958D /* Tools.swift */ = {isa = PBXFileReference; fileEncoding = 4; lastKnownFileType = sourcecode.swift; path = Tools.swift; sourceTree = "<group>"; };
		6FF75BE52709958100A7958D /* Variable.swift */ = {isa = PBXFileReference; fileEncoding = 4; lastKnownFileType = sourcecode.swift; path = Variable.swift; sourceTree = "<group>"; };
		6FF75BE62709958100A7958D /* Constraint.swift */ = {isa = PBXFileReference; fileEncoding = 4; lastKnownFileType = sourcecode.swift; path = Constraint.swift; sourceTree = "<group>"; };
		6FF75BEE2709A6E400A7958D /* StackLayout.swift */ = {isa = PBXFileReference; fileEncoding = 4; lastKnownFileType = sourcecode.swift; path = StackLayout.swift; sourceTree = "<group>"; };
		6FF75BEF2709A6E400A7958D /* FlowLayout.swift */ = {isa = PBXFileReference; fileEncoding = 4; lastKnownFileType = sourcecode.swift; path = FlowLayout.swift; sourceTree = "<group>"; };
		6FF75BF22709A6E400A7958D /* ImageRender.swift */ = {isa = PBXFileReference; fileEncoding = 4; lastKnownFileType = sourcecode.swift; path = ImageRender.swift; sourceTree = "<group>"; };
		6FF75BF32709A6E400A7958D /* ImageProcessor.swift */ = {isa = PBXFileReference; fileEncoding = 4; lastKnownFileType = sourcecode.swift; path = ImageProcessor.swift; sourceTree = "<group>"; };
		6FF75BF52709A6E400A7958D /* TextRenderable.swift */ = {isa = PBXFileReference; fileEncoding = 4; lastKnownFileType = sourcecode.swift; path = TextRenderable.swift; sourceTree = "<group>"; };
		6FF75BF62709A6E400A7958D /* TextAttributes.swift */ = {isa = PBXFileReference; fileEncoding = 4; lastKnownFileType = sourcecode.swift; path = TextAttributes.swift; sourceTree = "<group>"; };
		6FF75BF72709A6E400A7958D /* TextContext.swift */ = {isa = PBXFileReference; fileEncoding = 4; lastKnownFileType = sourcecode.swift; path = TextContext.swift; sourceTree = "<group>"; };
		6FF75BF82709A6E400A7958D /* TextRender.swift */ = {isa = PBXFileReference; fileEncoding = 4; lastKnownFileType = sourcecode.swift; path = TextRender.swift; sourceTree = "<group>"; };
		6FF75BFA2709A6E400A7958D /* ControlNode.swift */ = {isa = PBXFileReference; fileEncoding = 4; lastKnownFileType = sourcecode.swift; path = ControlNode.swift; sourceTree = "<group>"; };
		6FF75BFB2709A6E400A7958D /* ButtonNode.swift */ = {isa = PBXFileReference; fileEncoding = 4; lastKnownFileType = sourcecode.swift; path = ButtonNode.swift; sourceTree = "<group>"; };
		6FF75BFC2709A6E400A7958D /* LayoutNode.swift */ = {isa = PBXFileReference; fileEncoding = 4; lastKnownFileType = sourcecode.swift; path = LayoutNode.swift; sourceTree = "<group>"; };
		6FF75BFD2709A6E400A7958D /* ImageNode.swift */ = {isa = PBXFileReference; fileEncoding = 4; lastKnownFileType = sourcecode.swift; path = ImageNode.swift; sourceTree = "<group>"; };
		6FF75BFE2709A6E400A7958D /* AsyncDisplayLayer.swift */ = {isa = PBXFileReference; fileEncoding = 4; lastKnownFileType = sourcecode.swift; path = AsyncDisplayLayer.swift; sourceTree = "<group>"; };
		6FF75BFF2709A6E400A7958D /* TextNode.swift */ = {isa = PBXFileReference; fileEncoding = 4; lastKnownFileType = sourcecode.swift; path = TextNode.swift; sourceTree = "<group>"; };
		6FF75C002709A6E400A7958D /* ProxyView.swift */ = {isa = PBXFileReference; fileEncoding = 4; lastKnownFileType = sourcecode.swift; path = ProxyView.swift; sourceTree = "<group>"; };
		6FF75C012709A6E400A7958D /* ViewNode.swift */ = {isa = PBXFileReference; fileEncoding = 4; lastKnownFileType = sourcecode.swift; path = ViewNode.swift; sourceTree = "<group>"; };
		6FF75C022709A6E400A7958D /* Transaction.swift */ = {isa = PBXFileReference; fileEncoding = 4; lastKnownFileType = sourcecode.swift; path = Transaction.swift; sourceTree = "<group>"; };
		6FF75C042709A6E400A7958D /* Extension.swift */ = {isa = PBXFileReference; fileEncoding = 4; lastKnownFileType = sourcecode.swift; path = Extension.swift; sourceTree = "<group>"; };
/* End PBXFileReference section */

/* Begin PBXFrameworksBuildPhase section */
		6FCDD64526F47932008C2C52 /* Frameworks */ = {
			isa = PBXFrameworksBuildPhase;
			buildActionMask = 2147483647;
			files = (
			);
			runOnlyForDeploymentPostprocessing = 0;
		};
/* End PBXFrameworksBuildPhase section */

/* Begin PBXGroup section */
		6F5E584E270725AA009A8E6E /* Liner */ = {
			isa = PBXGroup;
			children = (
				6F503DA026FA228500088C8D /* Liner0ViewController.swift */,
				6F5E584F270726D6009A8E6E /* Liner1ViewController.swift */,
				6F5E58512708049A009A8E6E /* Liner2ViewController.swift */,
				6F5E5853270805D2009A8E6E /* Liner3ViewController.swift */,
				6F5E5855270805FA009A8E6E /* Liner4ViewController.swift */,
				6F5E585727080637009A8E6E /* Liner5ViewController.swift */,
				6F4451C62708254100C0D032 /* Liner6ViewController.swift */,
			);
			path = Liner;
			sourceTree = "<group>";
		};
		6FCDD63F26F47932008C2C52 = {
			isa = PBXGroup;
			children = (
				6FCDD64A26F47932008C2C52 /* Brick */,
				6FCDD64926F47932008C2C52 /* Products */,
			);
			sourceTree = "<group>";
		};
		6FCDD64926F47932008C2C52 /* Products */ = {
			isa = PBXGroup;
			children = (
				6FCDD64826F47932008C2C52 /* Brick.app */,
			);
			name = Products;
			sourceTree = "<group>";
		};
		6FCDD64A26F47932008C2C52 /* Brick */ = {
			isa = PBXGroup;
			children = (
				6FCDD66026F47943008C2C52 /* Brick */,
				6FCDD64B26F47932008C2C52 /* AppDelegate.swift */,
				6FCDD64D26F47933008C2C52 /* SceneDelegate.swift */,
				6F023C6726FF113B00CAC764 /* RootViewController.swift */,
				6FF75B502708A02400A7958D /* Related */,
				6F5E584E270725AA009A8E6E /* Liner */,
				6FCDD65126F47933008C2C52 /* Main.storyboard */,
				6FCDD65426F47935008C2C52 /* Assets.xcassets */,
				6FCDD65626F47935008C2C52 /* LaunchScreen.storyboard */,
				6FCDD65926F47935008C2C52 /* Info.plist */,
			);
			path = Brick;
			sourceTree = "<group>";
		};
		6FCDD66026F47943008C2C52 /* Brick */ = {
			isa = PBXGroup;
			children = (
				6FF75BEC2709A6E400A7958D /* Panda */,
				6FF75BE12709958100A7958D /* Cassowary */,
				6FF75BD02709953B00A7958D /* Layoutable */,
				6F503D9726FA225800088C8D /* BaseLayout.swift */,
				6F503D9826FA225800088C8D /* LinerLayout.swift */,
				6F503D9626FA225800088C8D /* NameSpace.swift */,
				6F503D9426FA225700088C8D /* ScopeLayout.swift */,
				6FF75B4E27089B9200A7958D /* RelatedLayout.swift */,
				6F503D9526FA225800088C8D /* Utils.swift */,
				6F4451C8270828B300C0D032 /* ViewAttribute.swift */,
			);
			path = Brick;
			sourceTree = "<group>";
		};
		6FF75B502708A02400A7958D /* Related */ = {
			isa = PBXGroup;
			children = (
				6FF75B4C2708962400A7958D /* Related0ViewController.swift */,
			);
			path = Related;
			sourceTree = "<group>";
		};
		6FF75BD02709953B00A7958D /* Layoutable */ = {
			isa = PBXGroup;
			children = (
				6FF75BD12709953B00A7958D /* LayoutManager.swift */,
				6FF75BD22709953B00A7958D /* CompositAnchor.swift */,
				6FF75BD32709953B00A7958D /* Layoutable.swift */,
				6FF75BD42709953B00A7958D /* LayoutEngine.swift */,
				6FF75BD52709953B00A7958D /* LayoutProperty.swift */,
				6FF75BD62709953B00A7958D /* LayoutAnchor.swift */,
				6FF75BD72709953B00A7958D /* LayoutValues.swift */,
				6FF75BD82709953B00A7958D /* LayoutConstraint.swift */,
			);
			path = Layoutable;
			sourceTree = "<group>";
		};
		6FF75BE12709958100A7958D /* Cassowary */ = {
			isa = PBXGroup;
			children = (
				6FF75BE22709958100A7958D /* SimplexSolver.swift */,
				6FF75BE32709958100A7958D /* Expression.swift */,
				6FF75BE42709958100A7958D /* Tools.swift */,
				6FF75BE52709958100A7958D /* Variable.swift */,
				6FF75BE62709958100A7958D /* Constraint.swift */,
			);
			path = Cassowary;
			sourceTree = "<group>";
		};
		6FF75BEC2709A6E400A7958D /* Panda */ = {
			isa = PBXGroup;
			children = (
				6FF75BED2709A6E400A7958D /* Layout */,
				6FF75BF02709A6E400A7958D /* Render */,
				6FF75BF92709A6E400A7958D /* Node */,
				6FF75C032709A6E400A7958D /* Helper */,
			);
			path = Panda;
			sourceTree = "<group>";
		};
		6FF75BED2709A6E400A7958D /* Layout */ = {
			isa = PBXGroup;
			children = (
				6FF75BEE2709A6E400A7958D /* StackLayout.swift */,
				6FF75BEF2709A6E400A7958D /* FlowLayout.swift */,
			);
			path = Layout;
			sourceTree = "<group>";
		};
		6FF75BF02709A6E400A7958D /* Render */ = {
			isa = PBXGroup;
			children = (
				6FF75BF12709A6E400A7958D /* Image */,
				6FF75BF42709A6E400A7958D /* Text */,
			);
			path = Render;
			sourceTree = "<group>";
		};
		6FF75BF12709A6E400A7958D /* Image */ = {
			isa = PBXGroup;
			children = (
				6FF75BF22709A6E400A7958D /* ImageRender.swift */,
				6FF75BF32709A6E400A7958D /* ImageProcessor.swift */,
			);
			path = Image;
			sourceTree = "<group>";
		};
		6FF75BF42709A6E400A7958D /* Text */ = {
			isa = PBXGroup;
			children = (
				6FF75BF52709A6E400A7958D /* TextRenderable.swift */,
				6FF75BF62709A6E400A7958D /* TextAttributes.swift */,
				6FF75BF72709A6E400A7958D /* TextContext.swift */,
				6FF75BF82709A6E400A7958D /* TextRender.swift */,
			);
			path = Text;
			sourceTree = "<group>";
		};
		6FF75BF92709A6E400A7958D /* Node */ = {
			isa = PBXGroup;
			children = (
				6FF75BFA2709A6E400A7958D /* ControlNode.swift */,
				6FF75BFB2709A6E400A7958D /* ButtonNode.swift */,
				6FF75BFC2709A6E400A7958D /* LayoutNode.swift */,
				6FF75BFD2709A6E400A7958D /* ImageNode.swift */,
				6FF75BFE2709A6E400A7958D /* AsyncDisplayLayer.swift */,
				6FF75BFF2709A6E400A7958D /* TextNode.swift */,
				6FF75C002709A6E400A7958D /* ProxyView.swift */,
				6FF75C012709A6E400A7958D /* ViewNode.swift */,
				6FF75C022709A6E400A7958D /* Transaction.swift */,
			);
			path = Node;
			sourceTree = "<group>";
		};
		6FF75C032709A6E400A7958D /* Helper */ = {
			isa = PBXGroup;
			children = (
				6FF75C042709A6E400A7958D /* Extension.swift */,
			);
			path = Helper;
			sourceTree = "<group>";
		};
/* End PBXGroup section */

/* Begin PBXNativeTarget section */
		6FCDD64726F47932008C2C52 /* Brick */ = {
			isa = PBXNativeTarget;
			buildConfigurationList = 6FCDD65C26F47935008C2C52 /* Build configuration list for PBXNativeTarget "Brick" */;
			buildPhases = (
				6FCDD64426F47932008C2C52 /* Sources */,
				6FCDD64526F47932008C2C52 /* Frameworks */,
				6FCDD64626F47932008C2C52 /* Resources */,
			);
			buildRules = (
			);
			dependencies = (
			);
			name = Brick;
			productName = Brick;
			productReference = 6FCDD64826F47932008C2C52 /* Brick.app */;
			productType = "com.apple.product-type.application";
		};
/* End PBXNativeTarget section */

/* Begin PBXProject section */
		6FCDD64026F47932008C2C52 /* Project object */ = {
			isa = PBXProject;
			attributes = {
				LastSwiftUpdateCheck = 1240;
				LastUpgradeCheck = 1240;
				TargetAttributes = {
					6FCDD64726F47932008C2C52 = {
						CreatedOnToolsVersion = 12.4;
					};
				};
			};
			buildConfigurationList = 6FCDD64326F47932008C2C52 /* Build configuration list for PBXProject "Brick" */;
			compatibilityVersion = "Xcode 9.3";
			developmentRegion = en;
			hasScannedForEncodings = 0;
			knownRegions = (
				en,
				Base,
			);
			mainGroup = 6FCDD63F26F47932008C2C52;
			productRefGroup = 6FCDD64926F47932008C2C52 /* Products */;
			projectDirPath = "";
			projectRoot = "";
			targets = (
				6FCDD64726F47932008C2C52 /* Brick */,
			);
		};
/* End PBXProject section */

/* Begin PBXResourcesBuildPhase section */
		6FCDD64626F47932008C2C52 /* Resources */ = {
			isa = PBXResourcesBuildPhase;
			buildActionMask = 2147483647;
			files = (
				6FCDD65826F47935008C2C52 /* LaunchScreen.storyboard in Resources */,
				6FCDD65526F47935008C2C52 /* Assets.xcassets in Resources */,
				6FCDD65326F47933008C2C52 /* Main.storyboard in Resources */,
			);
			runOnlyForDeploymentPostprocessing = 0;
		};
/* End PBXResourcesBuildPhase section */

/* Begin PBXSourcesBuildPhase section */
		6FCDD64426F47932008C2C52 /* Sources */ = {
			isa = PBXSourcesBuildPhase;
			buildActionMask = 2147483647;
			files = (
				6FF75C072709A6E400A7958D /* StackLayout.swift in Sources */,
				6FF75BE02709953B00A7958D /* LayoutConstraint.swift in Sources */,
				6FF75C172709A6E500A7958D /* Transaction.swift in Sources */,
				6F5E5854270805D2009A8E6E /* Liner3ViewController.swift in Sources */,
				6F5E585827080637009A8E6E /* Liner5ViewController.swift in Sources */,
				6F503D9A26FA225800088C8D /* Utils.swift in Sources */,
				6FF75C122709A6E400A7958D /* ImageNode.swift in Sources */,
				6FF75C112709A6E400A7958D /* LayoutNode.swift in Sources */,
				6FF75B4F27089B9200A7958D /* RelatedLayout.swift in Sources */,
				6FF75BDA2709953B00A7958D /* CompositAnchor.swift in Sources */,
				6FF75BE92709958100A7958D /* Tools.swift in Sources */,
				6FF75C102709A6E400A7958D /* ButtonNode.swift in Sources */,
				6FF75C0D2709A6E400A7958D /* TextContext.swift in Sources */,
				6FF75BEB2709958100A7958D /* Constraint.swift in Sources */,
				6F503D9926FA225800088C8D /* ScopeLayout.swift in Sources */,
				6FF75C0F2709A6E400A7958D /* ControlNode.swift in Sources */,
				6F4451C72708254100C0D032 /* Liner6ViewController.swift in Sources */,
				6F023C6826FF113B00CAC764 /* RootViewController.swift in Sources */,
				6F503D9C26FA225800088C8D /* BaseLayout.swift in Sources */,
				6FF75C142709A6E500A7958D /* TextNode.swift in Sources */,
				6FF75C092709A6E400A7958D /* ImageRender.swift in Sources */,
				6FF75BDD2709953B00A7958D /* LayoutProperty.swift in Sources */,
				6FF75BDB2709953B00A7958D /* Layoutable.swift in Sources */,
				6F503DA226FA228500088C8D /* Liner0ViewController.swift in Sources */,
				6FF75BDC2709953B00A7958D /* LayoutEngine.swift in Sources */,
				6F4451C9270828B300C0D032 /* ViewAttribute.swift in Sources */,
				6F503D9D26FA225800088C8D /* LinerLayout.swift in Sources */,
				6FF75C0B2709A6E400A7958D /* TextRenderable.swift in Sources */,
				6FF75BDF2709953B00A7958D /* LayoutValues.swift in Sources */,
				6FF75C132709A6E500A7958D /* AsyncDisplayLayer.swift in Sources */,
				6F5E5850270726D6009A8E6E /* Liner1ViewController.swift in Sources */,
				6FF75BEA2709958100A7958D /* Variable.swift in Sources */,
				6FF75C082709A6E400A7958D /* FlowLayout.swift in Sources */,
				6FF75C0C2709A6E400A7958D /* TextAttributes.swift in Sources */,
				6FF75B4D2708962400A7958D /* Related0ViewController.swift in Sources */,
				6FF75BE82709958100A7958D /* Expression.swift in Sources */,
				6FF75BD92709953B00A7958D /* LayoutManager.swift in Sources */,
				6FF75BE72709958100A7958D /* SimplexSolver.swift in Sources */,
				6FF75C152709A6E500A7958D /* ProxyView.swift in Sources */,
				6F5E58522708049A009A8E6E /* Liner2ViewController.swift in Sources */,
				6F503D9B26FA225800088C8D /* NameSpace.swift in Sources */,
				6FF75C0E2709A6E400A7958D /* TextRender.swift in Sources */,
				6FCDD64C26F47932008C2C52 /* AppDelegate.swift in Sources */,
				6F5E5856270805FA009A8E6E /* Liner4ViewController.swift in Sources */,
				6FF75C182709A6E500A7958D /* Extension.swift in Sources */,
				6FF75C0A2709A6E400A7958D /* ImageProcessor.swift in Sources */,
				6FF75C162709A6E500A7958D /* ViewNode.swift in Sources */,
				6FF75BDE2709953B00A7958D /* LayoutAnchor.swift in Sources */,
				6FCDD64E26F47933008C2C52 /* SceneDelegate.swift in Sources */,
			);
			runOnlyForDeploymentPostprocessing = 0;
		};
/* End PBXSourcesBuildPhase section */

/* Begin PBXVariantGroup section */
		6FCDD65126F47933008C2C52 /* Main.storyboard */ = {
			isa = PBXVariantGroup;
			children = (
				6FCDD65226F47933008C2C52 /* Base */,
			);
			name = Main.storyboard;
			sourceTree = "<group>";
		};
		6FCDD65626F47935008C2C52 /* LaunchScreen.storyboard */ = {
			isa = PBXVariantGroup;
			children = (
				6FCDD65726F47935008C2C52 /* Base */,
			);
			name = LaunchScreen.storyboard;
			sourceTree = "<group>";
		};
/* End PBXVariantGroup section */

/* Begin XCBuildConfiguration section */
		6FCDD65A26F47935008C2C52 /* Debug */ = {
			isa = XCBuildConfiguration;
			buildSettings = {
				ALWAYS_SEARCH_USER_PATHS = NO;
				CLANG_ANALYZER_NONNULL = YES;
				CLANG_ANALYZER_NUMBER_OBJECT_CONVERSION = YES_AGGRESSIVE;
				CLANG_CXX_LANGUAGE_STANDARD = "gnu++14";
				CLANG_CXX_LIBRARY = "libc++";
				CLANG_ENABLE_MODULES = YES;
				CLANG_ENABLE_OBJC_ARC = YES;
				CLANG_ENABLE_OBJC_WEAK = YES;
				CLANG_WARN_BLOCK_CAPTURE_AUTORELEASING = YES;
				CLANG_WARN_BOOL_CONVERSION = YES;
				CLANG_WARN_COMMA = YES;
				CLANG_WARN_CONSTANT_CONVERSION = YES;
				CLANG_WARN_DEPRECATED_OBJC_IMPLEMENTATIONS = YES;
				CLANG_WARN_DIRECT_OBJC_ISA_USAGE = YES_ERROR;
				CLANG_WARN_DOCUMENTATION_COMMENTS = YES;
				CLANG_WARN_EMPTY_BODY = YES;
				CLANG_WARN_ENUM_CONVERSION = YES;
				CLANG_WARN_INFINITE_RECURSION = YES;
				CLANG_WARN_INT_CONVERSION = YES;
				CLANG_WARN_NON_LITERAL_NULL_CONVERSION = YES;
				CLANG_WARN_OBJC_IMPLICIT_RETAIN_SELF = YES;
				CLANG_WARN_OBJC_LITERAL_CONVERSION = YES;
				CLANG_WARN_OBJC_ROOT_CLASS = YES_ERROR;
				CLANG_WARN_QUOTED_INCLUDE_IN_FRAMEWORK_HEADER = YES;
				CLANG_WARN_RANGE_LOOP_ANALYSIS = YES;
				CLANG_WARN_STRICT_PROTOTYPES = YES;
				CLANG_WARN_SUSPICIOUS_MOVE = YES;
				CLANG_WARN_UNGUARDED_AVAILABILITY = YES_AGGRESSIVE;
				CLANG_WARN_UNREACHABLE_CODE = YES;
				CLANG_WARN__DUPLICATE_METHOD_MATCH = YES;
				COPY_PHASE_STRIP = NO;
				DEBUG_INFORMATION_FORMAT = dwarf;
				ENABLE_STRICT_OBJC_MSGSEND = YES;
				ENABLE_TESTABILITY = YES;
				GCC_C_LANGUAGE_STANDARD = gnu11;
				GCC_DYNAMIC_NO_PIC = NO;
				GCC_NO_COMMON_BLOCKS = YES;
				GCC_OPTIMIZATION_LEVEL = 0;
				GCC_PREPROCESSOR_DEFINITIONS = (
					"DEBUG=1",
					"$(inherited)",
				);
				GCC_WARN_64_TO_32_BIT_CONVERSION = YES;
				GCC_WARN_ABOUT_RETURN_TYPE = YES_ERROR;
				GCC_WARN_UNDECLARED_SELECTOR = YES;
				GCC_WARN_UNINITIALIZED_AUTOS = YES_AGGRESSIVE;
				GCC_WARN_UNUSED_FUNCTION = YES;
				GCC_WARN_UNUSED_VARIABLE = YES;
				IPHONEOS_DEPLOYMENT_TARGET = 14.4;
				MTL_ENABLE_DEBUG_INFO = INCLUDE_SOURCE;
				MTL_FAST_MATH = YES;
				ONLY_ACTIVE_ARCH = YES;
				SDKROOT = iphoneos;
				SWIFT_ACTIVE_COMPILATION_CONDITIONS = DEBUG;
				SWIFT_OPTIMIZATION_LEVEL = "-Onone";
			};
			name = Debug;
		};
		6FCDD65B26F47935008C2C52 /* Release */ = {
			isa = XCBuildConfiguration;
			buildSettings = {
				ALWAYS_SEARCH_USER_PATHS = NO;
				CLANG_ANALYZER_NONNULL = YES;
				CLANG_ANALYZER_NUMBER_OBJECT_CONVERSION = YES_AGGRESSIVE;
				CLANG_CXX_LANGUAGE_STANDARD = "gnu++14";
				CLANG_CXX_LIBRARY = "libc++";
				CLANG_ENABLE_MODULES = YES;
				CLANG_ENABLE_OBJC_ARC = YES;
				CLANG_ENABLE_OBJC_WEAK = YES;
				CLANG_WARN_BLOCK_CAPTURE_AUTORELEASING = YES;
				CLANG_WARN_BOOL_CONVERSION = YES;
				CLANG_WARN_COMMA = YES;
				CLANG_WARN_CONSTANT_CONVERSION = YES;
				CLANG_WARN_DEPRECATED_OBJC_IMPLEMENTATIONS = YES;
				CLANG_WARN_DIRECT_OBJC_ISA_USAGE = YES_ERROR;
				CLANG_WARN_DOCUMENTATION_COMMENTS = YES;
				CLANG_WARN_EMPTY_BODY = YES;
				CLANG_WARN_ENUM_CONVERSION = YES;
				CLANG_WARN_INFINITE_RECURSION = YES;
				CLANG_WARN_INT_CONVERSION = YES;
				CLANG_WARN_NON_LITERAL_NULL_CONVERSION = YES;
				CLANG_WARN_OBJC_IMPLICIT_RETAIN_SELF = YES;
				CLANG_WARN_OBJC_LITERAL_CONVERSION = YES;
				CLANG_WARN_OBJC_ROOT_CLASS = YES_ERROR;
				CLANG_WARN_QUOTED_INCLUDE_IN_FRAMEWORK_HEADER = YES;
				CLANG_WARN_RANGE_LOOP_ANALYSIS = YES;
				CLANG_WARN_STRICT_PROTOTYPES = YES;
				CLANG_WARN_SUSPICIOUS_MOVE = YES;
				CLANG_WARN_UNGUARDED_AVAILABILITY = YES_AGGRESSIVE;
				CLANG_WARN_UNREACHABLE_CODE = YES;
				CLANG_WARN__DUPLICATE_METHOD_MATCH = YES;
				COPY_PHASE_STRIP = NO;
				DEBUG_INFORMATION_FORMAT = "dwarf-with-dsym";
				ENABLE_NS_ASSERTIONS = NO;
				ENABLE_STRICT_OBJC_MSGSEND = YES;
				GCC_C_LANGUAGE_STANDARD = gnu11;
				GCC_NO_COMMON_BLOCKS = YES;
				GCC_WARN_64_TO_32_BIT_CONVERSION = YES;
				GCC_WARN_ABOUT_RETURN_TYPE = YES_ERROR;
				GCC_WARN_UNDECLARED_SELECTOR = YES;
				GCC_WARN_UNINITIALIZED_AUTOS = YES_AGGRESSIVE;
				GCC_WARN_UNUSED_FUNCTION = YES;
				GCC_WARN_UNUSED_VARIABLE = YES;
				IPHONEOS_DEPLOYMENT_TARGET = 14.4;
				MTL_ENABLE_DEBUG_INFO = NO;
				MTL_FAST_MATH = YES;
				SDKROOT = iphoneos;
				SWIFT_COMPILATION_MODE = wholemodule;
				SWIFT_OPTIMIZATION_LEVEL = "-O";
				VALIDATE_PRODUCT = YES;
			};
			name = Release;
		};
		6FCDD65D26F47935008C2C52 /* Debug */ = {
			isa = XCBuildConfiguration;
			buildSettings = {
				ASSETCATALOG_COMPILER_APPICON_NAME = AppIcon;
				ASSETCATALOG_COMPILER_GLOBAL_ACCENT_COLOR_NAME = AccentColor;
				CODE_SIGN_STYLE = Automatic;
				INFOPLIST_FILE = Brick/Info.plist;
				LD_RUNPATH_SEARCH_PATHS = (
					"$(inherited)",
					"@executable_path/Frameworks",
				);
				PRODUCT_BUNDLE_IDENTIFIER = com.sc.Brick;
				PRODUCT_NAME = "$(TARGET_NAME)";
				SWIFT_VERSION = 5.0;
				TARGETED_DEVICE_FAMILY = "1,2";
			};
			name = Debug;
		};
		6FCDD65E26F47935008C2C52 /* Release */ = {
			isa = XCBuildConfiguration;
			buildSettings = {
				ASSETCATALOG_COMPILER_APPICON_NAME = AppIcon;
				ASSETCATALOG_COMPILER_GLOBAL_ACCENT_COLOR_NAME = AccentColor;
				CODE_SIGN_STYLE = Automatic;
				INFOPLIST_FILE = Brick/Info.plist;
				LD_RUNPATH_SEARCH_PATHS = (
					"$(inherited)",
					"@executable_path/Frameworks",
				);
				PRODUCT_BUNDLE_IDENTIFIER = com.sc.Brick;
				PRODUCT_NAME = "$(TARGET_NAME)";
				SWIFT_VERSION = 5.0;
				TARGETED_DEVICE_FAMILY = "1,2";
			};
			name = Release;
		};
/* End XCBuildConfiguration section */

/* Begin XCConfigurationList section */
		6FCDD64326F47932008C2C52 /* Build configuration list for PBXProject "Brick" */ = {
			isa = XCConfigurationList;
			buildConfigurations = (
				6FCDD65A26F47935008C2C52 /* Debug */,
				6FCDD65B26F47935008C2C52 /* Release */,
			);
			defaultConfigurationIsVisible = 0;
			defaultConfigurationName = Release;
		};
		6FCDD65C26F47935008C2C52 /* Build configuration list for PBXNativeTarget "Brick" */ = {
			isa = XCConfigurationList;
			buildConfigurations = (
				6FCDD65D26F47935008C2C52 /* Debug */,
				6FCDD65E26F47935008C2C52 /* Release */,
			);
			defaultConfigurationIsVisible = 0;
			defaultConfigurationName = Release;
		};
/* End XCConfigurationList section */
	};
	rootObject = 6FCDD64026F47932008C2C52 /* Project object */;
}
