// !$*UTF8*$!
{
	archiveVersion = 1;
	classes = {
	};
	objectVersion = 50;
	objects = {

/* Begin PBXBuildFile section */
		6F023C6826FF113B00CAC764 /* RootViewController.swift in Sources */ = {isa = PBXBuildFile; fileRef = 6F023C6726FF113B00CAC764 /* RootViewController.swift */; };
		6F503D9926FA225800088C8D /* ScopeLayout.swift in Sources */ = {isa = PBXBuildFile; fileRef = 6F503D9426FA225700088C8D /* ScopeLayout.swift */; };
		6F503D9A26FA225800088C8D /* Utils.swift in Sources */ = {isa = PBXBuildFile; fileRef = 6F503D9526FA225800088C8D /* Utils.swift */; };
		6F503D9B26FA225800088C8D /* NameSpace.swift in Sources */ = {isa = PBXBuildFile; fileRef = 6F503D9626FA225800088C8D /* NameSpace.swift */; };
		6F503D9C26FA225800088C8D /* BaseLayout.swift in Sources */ = {isa = PBXBuildFile; fileRef = 6F503D9726FA225800088C8D /* BaseLayout.swift */; };
		6F503D9D26FA225800088C8D /* LinerLayout.swift in Sources */ = {isa = PBXBuildFile; fileRef = 6F503D9826FA225800088C8D /* LinerLayout.swift */; };
		6F503D9F26FA227600088C8D /* DeviceSize.swift in Sources */ = {isa = PBXBuildFile; fileRef = 6F503D9E26FA227600088C8D /* DeviceSize.swift */; };
		6F503DA226FA228500088C8D /* Liner0ViewController.swift in Sources */ = {isa = PBXBuildFile; fileRef = 6F503DA026FA228500088C8D /* Liner0ViewController.swift */; };
		6F503DA326FA228500088C8D /* Test1ViewController.swift in Sources */ = {isa = PBXBuildFile; fileRef = 6F503DA126FA228500088C8D /* Test1ViewController.swift */; };
		6F5E5850270726D6009A8E6E /* Liner1ViewController.swift in Sources */ = {isa = PBXBuildFile; fileRef = 6F5E584F270726D6009A8E6E /* Liner1ViewController.swift */; };
		6FCDD64C26F47932008C2C52 /* AppDelegate.swift in Sources */ = {isa = PBXBuildFile; fileRef = 6FCDD64B26F47932008C2C52 /* AppDelegate.swift */; };
		6FCDD64E26F47933008C2C52 /* SceneDelegate.swift in Sources */ = {isa = PBXBuildFile; fileRef = 6FCDD64D26F47933008C2C52 /* SceneDelegate.swift */; };
		6FCDD65326F47933008C2C52 /* Main.storyboard in Resources */ = {isa = PBXBuildFile; fileRef = 6FCDD65126F47933008C2C52 /* Main.storyboard */; };
		6FCDD65526F47935008C2C52 /* Assets.xcassets in Resources */ = {isa = PBXBuildFile; fileRef = 6FCDD65426F47935008C2C52 /* Assets.xcassets */; };
		6FCDD65826F47935008C2C52 /* LaunchScreen.storyboard in Resources */ = {isa = PBXBuildFile; fileRef = 6FCDD65626F47935008C2C52 /* LaunchScreen.storyboard */; };
/* End PBXBuildFile section */

/* Begin PBXFileReference section */
		6F023C6726FF113B00CAC764 /* RootViewController.swift */ = {isa = PBXFileReference; lastKnownFileType = sourcecode.swift; path = RootViewController.swift; sourceTree = "<group>"; };
		6F503D9426FA225700088C8D /* ScopeLayout.swift */ = {isa = PBXFileReference; fileEncoding = 4; lastKnownFileType = sourcecode.swift; path = ScopeLayout.swift; sourceTree = "<group>"; };
		6F503D9526FA225800088C8D /* Utils.swift */ = {isa = PBXFileReference; fileEncoding = 4; lastKnownFileType = sourcecode.swift; path = Utils.swift; sourceTree = "<group>"; };
		6F503D9626FA225800088C8D /* NameSpace.swift */ = {isa = PBXFileReference; fileEncoding = 4; lastKnownFileType = sourcecode.swift; path = NameSpace.swift; sourceTree = "<group>"; };
		6F503D9726FA225800088C8D /* BaseLayout.swift */ = {isa = PBXFileReference; fileEncoding = 4; lastKnownFileType = sourcecode.swift; path = BaseLayout.swift; sourceTree = "<group>"; };
		6F503D9826FA225800088C8D /* LinerLayout.swift */ = {isa = PBXFileReference; fileEncoding = 4; lastKnownFileType = sourcecode.swift; path = LinerLayout.swift; sourceTree = "<group>"; };
		6F503D9E26FA227600088C8D /* DeviceSize.swift */ = {isa = PBXFileReference; fileEncoding = 4; lastKnownFileType = sourcecode.swift; path = DeviceSize.swift; sourceTree = "<group>"; };
		6F503DA026FA228500088C8D /* Liner0ViewController.swift */ = {isa = PBXFileReference; fileEncoding = 4; lastKnownFileType = sourcecode.swift; path = Liner0ViewController.swift; sourceTree = "<group>"; };
		6F503DA126FA228500088C8D /* Test1ViewController.swift */ = {isa = PBXFileReference; fileEncoding = 4; lastKnownFileType = sourcecode.swift; path = Test1ViewController.swift; sourceTree = "<group>"; };
		6F5E584F270726D6009A8E6E /* Liner1ViewController.swift */ = {isa = PBXFileReference; lastKnownFileType = sourcecode.swift; path = Liner1ViewController.swift; sourceTree = "<group>"; };
		6FCDD64826F47932008C2C52 /* Brick.app */ = {isa = PBXFileReference; explicitFileType = wrapper.application; includeInIndex = 0; path = Brick.app; sourceTree = BUILT_PRODUCTS_DIR; };
		6FCDD64B26F47932008C2C52 /* AppDelegate.swift */ = {isa = PBXFileReference; lastKnownFileType = sourcecode.swift; path = AppDelegate.swift; sourceTree = "<group>"; };
		6FCDD64D26F47933008C2C52 /* SceneDelegate.swift */ = {isa = PBXFileReference; lastKnownFileType = sourcecode.swift; path = SceneDelegate.swift; sourceTree = "<group>"; };
		6FCDD65226F47933008C2C52 /* Base */ = {isa = PBXFileReference; lastKnownFileType = file.storyboard; name = Base; path = Base.lproj/Main.storyboard; sourceTree = "<group>"; };
		6FCDD65426F47935008C2C52 /* Assets.xcassets */ = {isa = PBXFileReference; lastKnownFileType = folder.assetcatalog; path = Assets.xcassets; sourceTree = "<group>"; };
		6FCDD65726F47935008C2C52 /* Base */ = {isa = PBXFileReference; lastKnownFileType = file.storyboard; name = Base; path = Base.lproj/LaunchScreen.storyboard; sourceTree = "<group>"; };
		6FCDD65926F47935008C2C52 /* Info.plist */ = {isa = PBXFileReference; lastKnownFileType = text.plist.xml; path = Info.plist; sourceTree = "<group>"; };
/* End PBXFileReference section */

/* Begin PBXFrameworksBuildPhase section */
		6FCDD64526F47932008C2C52 /* Frameworks */ = {
			isa = PBXFrameworksBuildPhase;
			buildActionMask = 2147483647;
			files = (
			);
			runOnlyForDeploymentPostprocessing = 0;
		};
/* End PBXFrameworksBuildPhase section */

/* Begin PBXGroup section */
		6F5E584E270725AA009A8E6E /* Liner */ = {
			isa = PBXGroup;
			children = (
				6F503DA026FA228500088C8D /* Liner0ViewController.swift */,
				6F5E584F270726D6009A8E6E /* Liner1ViewController.swift */,
			);
			path = Liner;
			sourceTree = "<group>";
		};
		6FCDD63F26F47932008C2C52 = {
			isa = PBXGroup;
			children = (
				6FCDD64A26F47932008C2C52 /* Brick */,
				6FCDD64926F47932008C2C52 /* Products */,
			);
			sourceTree = "<group>";
		};
		6FCDD64926F47932008C2C52 /* Products */ = {
			isa = PBXGroup;
			children = (
				6FCDD64826F47932008C2C52 /* Brick.app */,
			);
			name = Products;
			sourceTree = "<group>";
		};
		6FCDD64A26F47932008C2C52 /* Brick */ = {
			isa = PBXGroup;
			children = (
				6FCDD66026F47943008C2C52 /* Brick */,
				6FCDD64B26F47932008C2C52 /* AppDelegate.swift */,
				6FCDD64D26F47933008C2C52 /* SceneDelegate.swift */,
				6F023C6726FF113B00CAC764 /* RootViewController.swift */,
				6F5E584E270725AA009A8E6E /* Liner */,
				6F503DA126FA228500088C8D /* Test1ViewController.swift */,
				6FCDD65126F47933008C2C52 /* Main.storyboard */,
				6FCDD65426F47935008C2C52 /* Assets.xcassets */,
				6FCDD65626F47935008C2C52 /* LaunchScreen.storyboard */,
				6FCDD65926F47935008C2C52 /* Info.plist */,
			);
			path = Brick;
			sourceTree = "<group>";
		};
		6FCDD66026F47943008C2C52 /* Brick */ = {
			isa = PBXGroup;
			children = (
				6F503D9E26FA227600088C8D /* DeviceSize.swift */,
				6F503D9726FA225800088C8D /* BaseLayout.swift */,
				6F503D9826FA225800088C8D /* LinerLayout.swift */,
				6F503D9626FA225800088C8D /* NameSpace.swift */,
				6F503D9426FA225700088C8D /* ScopeLayout.swift */,
				6F503D9526FA225800088C8D /* Utils.swift */,
			);
			path = Brick;
			sourceTree = "<group>";
		};
/* End PBXGroup section */

/* Begin PBXNativeTarget section */
		6FCDD64726F47932008C2C52 /* Brick */ = {
			isa = PBXNativeTarget;
			buildConfigurationList = 6FCDD65C26F47935008C2C52 /* Build configuration list for PBXNativeTarget "Brick" */;
			buildPhases = (
				6FCDD64426F47932008C2C52 /* Sources */,
				6FCDD64526F47932008C2C52 /* Frameworks */,
				6FCDD64626F47932008C2C52 /* Resources */,
			);
			buildRules = (
			);
			dependencies = (
			);
			name = Brick;
			productName = Brick;
			productReference = 6FCDD64826F47932008C2C52 /* Brick.app */;
			productType = "com.apple.product-type.application";
		};
/* End PBXNativeTarget section */

/* Begin PBXProject section */
		6FCDD64026F47932008C2C52 /* Project object */ = {
			isa = PBXProject;
			attributes = {
				LastSwiftUpdateCheck = 1240;
				LastUpgradeCheck = 1240;
				TargetAttributes = {
					6FCDD64726F47932008C2C52 = {
						CreatedOnToolsVersion = 12.4;
					};
				};
			};
			buildConfigurationList = 6FCDD64326F47932008C2C52 /* Build configuration list for PBXProject "Brick" */;
			compatibilityVersion = "Xcode 9.3";
			developmentRegion = en;
			hasScannedForEncodings = 0;
			knownRegions = (
				en,
				Base,
			);
			mainGroup = 6FCDD63F26F47932008C2C52;
			productRefGroup = 6FCDD64926F47932008C2C52 /* Products */;
			projectDirPath = "";
			projectRoot = "";
			targets = (
				6FCDD64726F47932008C2C52 /* Brick */,
			);
		};
/* End PBXProject section */

/* Begin PBXResourcesBuildPhase section */
		6FCDD64626F47932008C2C52 /* Resources */ = {
			isa = PBXResourcesBuildPhase;
			buildActionMask = 2147483647;
			files = (
				6FCDD65826F47935008C2C52 /* LaunchScreen.storyboard in Resources */,
				6FCDD65526F47935008C2C52 /* Assets.xcassets in Resources */,
				6FCDD65326F47933008C2C52 /* Main.storyboard in Resources */,
			);
			runOnlyForDeploymentPostprocessing = 0;
		};
/* End PBXResourcesBuildPhase section */

/* Begin PBXSourcesBuildPhase section */
		6FCDD64426F47932008C2C52 /* Sources */ = {
			isa = PBXSourcesBuildPhase;
			buildActionMask = 2147483647;
			files = (
				6F503D9A26FA225800088C8D /* Utils.swift in Sources */,
				6F503D9926FA225800088C8D /* ScopeLayout.swift in Sources */,
				6F503DA326FA228500088C8D /* Test1ViewController.swift in Sources */,
				6F023C6826FF113B00CAC764 /* RootViewController.swift in Sources */,
				6F503D9C26FA225800088C8D /* BaseLayout.swift in Sources */,
				6F503DA226FA228500088C8D /* Liner0ViewController.swift in Sources */,
				6F503D9D26FA225800088C8D /* LinerLayout.swift in Sources */,
				6F5E5850270726D6009A8E6E /* Liner1ViewController.swift in Sources */,
				6F503D9F26FA227600088C8D /* DeviceSize.swift in Sources */,
				6F503D9B26FA225800088C8D /* NameSpace.swift in Sources */,
				6FCDD64C26F47932008C2C52 /* AppDelegate.swift in Sources */,
				6FCDD64E26F47933008C2C52 /* SceneDelegate.swift in Sources */,
			);
			runOnlyForDeploymentPostprocessing = 0;
		};
/* End PBXSourcesBuildPhase section */

/* Begin PBXVariantGroup section */
		6FCDD65126F47933008C2C52 /* Main.storyboard */ = {
			isa = PBXVariantGroup;
			children = (
				6FCDD65226F47933008C2C52 /* Base */,
			);
			name = Main.storyboard;
			sourceTree = "<group>";
		};
		6FCDD65626F47935008C2C52 /* LaunchScreen.storyboard */ = {
			isa = PBXVariantGroup;
			children = (
				6FCDD65726F47935008C2C52 /* Base */,
			);
			name = LaunchScreen.storyboard;
			sourceTree = "<group>";
		};
/* End PBXVariantGroup section */

/* Begin XCBuildConfiguration section */
		6FCDD65A26F47935008C2C52 /* Debug */ = {
			isa = XCBuildConfiguration;
			buildSettings = {
				ALWAYS_SEARCH_USER_PATHS = NO;
				CLANG_ANALYZER_NONNULL = YES;
				CLANG_ANALYZER_NUMBER_OBJECT_CONVERSION = YES_AGGRESSIVE;
				CLANG_CXX_LANGUAGE_STANDARD = "gnu++14";
				CLANG_CXX_LIBRARY = "libc++";
				CLANG_ENABLE_MODULES = YES;
				CLANG_ENABLE_OBJC_ARC = YES;
				CLANG_ENABLE_OBJC_WEAK = YES;
				CLANG_WARN_BLOCK_CAPTURE_AUTORELEASING = YES;
				CLANG_WARN_BOOL_CONVERSION = YES;
				CLANG_WARN_COMMA = YES;
				CLANG_WARN_CONSTANT_CONVERSION = YES;
				CLANG_WARN_DEPRECATED_OBJC_IMPLEMENTATIONS = YES;
				CLANG_WARN_DIRECT_OBJC_ISA_USAGE = YES_ERROR;
				CLANG_WARN_DOCUMENTATION_COMMENTS = YES;
				CLANG_WARN_EMPTY_BODY = YES;
				CLANG_WARN_ENUM_CONVERSION = YES;
				CLANG_WARN_INFINITE_RECURSION = YES;
				CLANG_WARN_INT_CONVERSION = YES;
				CLANG_WARN_NON_LITERAL_NULL_CONVERSION = YES;
				CLANG_WARN_OBJC_IMPLICIT_RETAIN_SELF = YES;
				CLANG_WARN_OBJC_LITERAL_CONVERSION = YES;
				CLANG_WARN_OBJC_ROOT_CLASS = YES_ERROR;
				CLANG_WARN_QUOTED_INCLUDE_IN_FRAMEWORK_HEADER = YES;
				CLANG_WARN_RANGE_LOOP_ANALYSIS = YES;
				CLANG_WARN_STRICT_PROTOTYPES = YES;
				CLANG_WARN_SUSPICIOUS_MOVE = YES;
				CLANG_WARN_UNGUARDED_AVAILABILITY = YES_AGGRESSIVE;
				CLANG_WARN_UNREACHABLE_CODE = YES;
				CLANG_WARN__DUPLICATE_METHOD_MATCH = YES;
				COPY_PHASE_STRIP = NO;
				DEBUG_INFORMATION_FORMAT = dwarf;
				ENABLE_STRICT_OBJC_MSGSEND = YES;
				ENABLE_TESTABILITY = YES;
				GCC_C_LANGUAGE_STANDARD = gnu11;
				GCC_DYNAMIC_NO_PIC = NO;
				GCC_NO_COMMON_BLOCKS = YES;
				GCC_OPTIMIZATION_LEVEL = 0;
				GCC_PREPROCESSOR_DEFINITIONS = (
					"DEBUG=1",
					"$(inherited)",
				);
				GCC_WARN_64_TO_32_BIT_CONVERSION = YES;
				GCC_WARN_ABOUT_RETURN_TYPE = YES_ERROR;
				GCC_WARN_UNDECLARED_SELECTOR = YES;
				GCC_WARN_UNINITIALIZED_AUTOS = YES_AGGRESSIVE;
				GCC_WARN_UNUSED_FUNCTION = YES;
				GCC_WARN_UNUSED_VARIABLE = YES;
				IPHONEOS_DEPLOYMENT_TARGET = 14.4;
				MTL_ENABLE_DEBUG_INFO = INCLUDE_SOURCE;
				MTL_FAST_MATH = YES;
				ONLY_ACTIVE_ARCH = YES;
				SDKROOT = iphoneos;
				SWIFT_ACTIVE_COMPILATION_CONDITIONS = DEBUG;
				SWIFT_OPTIMIZATION_LEVEL = "-Onone";
			};
			name = Debug;
		};
		6FCDD65B26F47935008C2C52 /* Release */ = {
			isa = XCBuildConfiguration;
			buildSettings = {
				ALWAYS_SEARCH_USER_PATHS = NO;
				CLANG_ANALYZER_NONNULL = YES;
				CLANG_ANALYZER_NUMBER_OBJECT_CONVERSION = YES_AGGRESSIVE;
				CLANG_CXX_LANGUAGE_STANDARD = "gnu++14";
				CLANG_CXX_LIBRARY = "libc++";
				CLANG_ENABLE_MODULES = YES;
				CLANG_ENABLE_OBJC_ARC = YES;
				CLANG_ENABLE_OBJC_WEAK = YES;
				CLANG_WARN_BLOCK_CAPTURE_AUTORELEASING = YES;
				CLANG_WARN_BOOL_CONVERSION = YES;
				CLANG_WARN_COMMA = YES;
				CLANG_WARN_CONSTANT_CONVERSION = YES;
				CLANG_WARN_DEPRECATED_OBJC_IMPLEMENTATIONS = YES;
				CLANG_WARN_DIRECT_OBJC_ISA_USAGE = YES_ERROR;
				CLANG_WARN_DOCUMENTATION_COMMENTS = YES;
				CLANG_WARN_EMPTY_BODY = YES;
				CLANG_WARN_ENUM_CONVERSION = YES;
				CLANG_WARN_INFINITE_RECURSION = YES;
				CLANG_WARN_INT_CONVERSION = YES;
				CLANG_WARN_NON_LITERAL_NULL_CONVERSION = YES;
				CLANG_WARN_OBJC_IMPLICIT_RETAIN_SELF = YES;
				CLANG_WARN_OBJC_LITERAL_CONVERSION = YES;
				CLANG_WARN_OBJC_ROOT_CLASS = YES_ERROR;
				CLANG_WARN_QUOTED_INCLUDE_IN_FRAMEWORK_HEADER = YES;
				CLANG_WARN_RANGE_LOOP_ANALYSIS = YES;
				CLANG_WARN_STRICT_PROTOTYPES = YES;
				CLANG_WARN_SUSPICIOUS_MOVE = YES;
				CLANG_WARN_UNGUARDED_AVAILABILITY = YES_AGGRESSIVE;
				CLANG_WARN_UNREACHABLE_CODE = YES;
				CLANG_WARN__DUPLICATE_METHOD_MATCH = YES;
				COPY_PHASE_STRIP = NO;
				DEBUG_INFORMATION_FORMAT = "dwarf-with-dsym";
				ENABLE_NS_ASSERTIONS = NO;
				ENABLE_STRICT_OBJC_MSGSEND = YES;
				GCC_C_LANGUAGE_STANDARD = gnu11;
				GCC_NO_COMMON_BLOCKS = YES;
				GCC_WARN_64_TO_32_BIT_CONVERSION = YES;
				GCC_WARN_ABOUT_RETURN_TYPE = YES_ERROR;
				GCC_WARN_UNDECLARED_SELECTOR = YES;
				GCC_WARN_UNINITIALIZED_AUTOS = YES_AGGRESSIVE;
				GCC_WARN_UNUSED_FUNCTION = YES;
				GCC_WARN_UNUSED_VARIABLE = YES;
				IPHONEOS_DEPLOYMENT_TARGET = 14.4;
				MTL_ENABLE_DEBUG_INFO = NO;
				MTL_FAST_MATH = YES;
				SDKROOT = iphoneos;
				SWIFT_COMPILATION_MODE = wholemodule;
				SWIFT_OPTIMIZATION_LEVEL = "-O";
				VALIDATE_PRODUCT = YES;
			};
			name = Release;
		};
		6FCDD65D26F47935008C2C52 /* Debug */ = {
			isa = XCBuildConfiguration;
			buildSettings = {
				ASSETCATALOG_COMPILER_APPICON_NAME = AppIcon;
				ASSETCATALOG_COMPILER_GLOBAL_ACCENT_COLOR_NAME = AccentColor;
				CODE_SIGN_STYLE = Automatic;
				INFOPLIST_FILE = Brick/Info.plist;
				LD_RUNPATH_SEARCH_PATHS = (
					"$(inherited)",
					"@executable_path/Frameworks",
				);
				PRODUCT_BUNDLE_IDENTIFIER = com.sc.Brick;
				PRODUCT_NAME = "$(TARGET_NAME)";
				SWIFT_VERSION = 5.0;
				TARGETED_DEVICE_FAMILY = "1,2";
			};
			name = Debug;
		};
		6FCDD65E26F47935008C2C52 /* Release */ = {
			isa = XCBuildConfiguration;
			buildSettings = {
				ASSETCATALOG_COMPILER_APPICON_NAME = AppIcon;
				ASSETCATALOG_COMPILER_GLOBAL_ACCENT_COLOR_NAME = AccentColor;
				CODE_SIGN_STYLE = Automatic;
				INFOPLIST_FILE = Brick/Info.plist;
				LD_RUNPATH_SEARCH_PATHS = (
					"$(inherited)",
					"@executable_path/Frameworks",
				);
				PRODUCT_BUNDLE_IDENTIFIER = com.sc.Brick;
				PRODUCT_NAME = "$(TARGET_NAME)";
				SWIFT_VERSION = 5.0;
				TARGETED_DEVICE_FAMILY = "1,2";
			};
			name = Release;
		};
/* End XCBuildConfiguration section */

/* Begin XCConfigurationList section */
		6FCDD64326F47932008C2C52 /* Build configuration list for PBXProject "Brick" */ = {
			isa = XCConfigurationList;
			buildConfigurations = (
				6FCDD65A26F47935008C2C52 /* Debug */,
				6FCDD65B26F47935008C2C52 /* Release */,
			);
			defaultConfigurationIsVisible = 0;
			defaultConfigurationName = Release;
		};
		6FCDD65C26F47935008C2C52 /* Build configuration list for PBXNativeTarget "Brick" */ = {
			isa = XCConfigurationList;
			buildConfigurations = (
				6FCDD65D26F47935008C2C52 /* Debug */,
				6FCDD65E26F47935008C2C52 /* Release */,
			);
			defaultConfigurationIsVisible = 0;
			defaultConfigurationName = Release;
		};
/* End XCConfigurationList section */
	};
	rootObject = 6FCDD64026F47932008C2C52 /* Project object */;
}
